// !$*UTF8*$!
{
	archiveVersion = 1;
	classes = {
	};
	objectVersion = 46;
	objects = {

/* Begin PBXBuildFile section */
		42ABDEC51A8DC27D004204FC /* AppDelegate.swift in Sources */ = {isa = PBXBuildFile; fileRef = 42ABDEC41A8DC27D004204FC /* AppDelegate.swift */; };
		42ABDEC81A8DC27D004204FC /* CircleGesture.xcdatamodeld in Sources */ = {isa = PBXBuildFile; fileRef = 42ABDEC61A8DC27D004204FC /* CircleGesture.xcdatamodeld */; };
		42ABDECA1A8DC27D004204FC /* ViewController.swift in Sources */ = {isa = PBXBuildFile; fileRef = 42ABDEC91A8DC27D004204FC /* ViewController.swift */; };
		42ABDECD1A8DC27E004204FC /* Main.storyboard in Resources */ = {isa = PBXBuildFile; fileRef = 42ABDECB1A8DC27E004204FC /* Main.storyboard */; };
		42ABDECF1A8DC27E004204FC /* Images.xcassets in Resources */ = {isa = PBXBuildFile; fileRef = 42ABDECE1A8DC27E004204FC /* Images.xcassets */; };
		42ABDED21A8DC27E004204FC /* LaunchScreen.xib in Resources */ = {isa = PBXBuildFile; fileRef = 42ABDED01A8DC27E004204FC /* LaunchScreen.xib */; };
		42ABDEDE1A8DC27E004204FC /* CircleGestureTests.swift in Sources */ = {isa = PBXBuildFile; fileRef = 42ABDEDD1A8DC27E004204FC /* CircleGestureTests.swift */; };
/* End PBXBuildFile section */

/* Begin PBXContainerItemProxy section */
		42ABDED81A8DC27E004204FC /* PBXContainerItemProxy */ = {
			isa = PBXContainerItemProxy;
			containerPortal = 42ABDEB71A8DC27D004204FC /* Project object */;
			proxyType = 1;
			remoteGlobalIDString = 42ABDEBE1A8DC27D004204FC;
			remoteInfo = CircleGesture;
		};
/* End PBXContainerItemProxy section */

/* Begin PBXFileReference section */
		42ABDEBF1A8DC27D004204FC /* CircleGesture.app */ = {isa = PBXFileReference; explicitFileType = wrapper.application; includeInIndex = 0; path = CircleGesture.app; sourceTree = BUILT_PRODUCTS_DIR; };
		42ABDEC31A8DC27D004204FC /* Info.plist */ = {isa = PBXFileReference; lastKnownFileType = text.plist.xml; path = Info.plist; sourceTree = "<group>"; };
		42ABDEC41A8DC27D004204FC /* AppDelegate.swift */ = {isa = PBXFileReference; lastKnownFileType = sourcecode.swift; path = AppDelegate.swift; sourceTree = "<group>"; };
		42ABDEC71A8DC27D004204FC /* CircleGesture.xcdatamodel */ = {isa = PBXFileReference; lastKnownFileType = wrapper.xcdatamodel; path = CircleGesture.xcdatamodel; sourceTree = "<group>"; };
		42ABDEC91A8DC27D004204FC /* ViewController.swift */ = {isa = PBXFileReference; lastKnownFileType = sourcecode.swift; path = ViewController.swift; sourceTree = "<group>"; };
		42ABDECC1A8DC27E004204FC /* Base */ = {isa = PBXFileReference; lastKnownFileType = file.storyboard; name = Base; path = Base.lproj/Main.storyboard; sourceTree = "<group>"; };
		42ABDECE1A8DC27E004204FC /* Images.xcassets */ = {isa = PBXFileReference; lastKnownFileType = folder.assetcatalog; path = Images.xcassets; sourceTree = "<group>"; };
		42ABDED11A8DC27E004204FC /* Base */ = {isa = PBXFileReference; lastKnownFileType = file.xib; name = Base; path = Base.lproj/LaunchScreen.xib; sourceTree = "<group>"; };
		42ABDED71A8DC27E004204FC /* CircleGestureTests.xctest */ = {isa = PBXFileReference; explicitFileType = wrapper.cfbundle; includeInIndex = 0; path = CircleGestureTests.xctest; sourceTree = BUILT_PRODUCTS_DIR; };
		42ABDEDC1A8DC27E004204FC /* Info.plist */ = {isa = PBXFileReference; lastKnownFileType = text.plist.xml; path = Info.plist; sourceTree = "<group>"; };
		42ABDEDD1A8DC27E004204FC /* CircleGestureTests.swift */ = {isa = PBXFileReference; lastKnownFileType = sourcecode.swift; path = CircleGestureTests.swift; sourceTree = "<group>"; };
/* End PBXFileReference section */

/* Begin PBXFrameworksBuildPhase section */
		42ABDEBC1A8DC27D004204FC /* Frameworks */ = {
			isa = PBXFrameworksBuildPhase;
			buildActionMask = 2147483647;
			files = (
			);
			runOnlyForDeploymentPostprocessing = 0;
		};
		42ABDED41A8DC27E004204FC /* Frameworks */ = {
			isa = PBXFrameworksBuildPhase;
			buildActionMask = 2147483647;
			files = (
			);
			runOnlyForDeploymentPostprocessing = 0;
		};
/* End PBXFrameworksBuildPhase section */

/* Begin PBXGroup section */
		42ABDEB61A8DC27D004204FC = {
			isa = PBXGroup;
			children = (
				42ABDEC11A8DC27D004204FC /* CircleGesture */,
				42ABDEDA1A8DC27E004204FC /* CircleGestureTests */,
				42ABDEC01A8DC27D004204FC /* Products */,
			);
			sourceTree = "<group>";
		};
		42ABDEC01A8DC27D004204FC /* Products */ = {
			isa = PBXGroup;
			children = (
				42ABDEBF1A8DC27D004204FC /* CircleGesture.app */,
				42ABDED71A8DC27E004204FC /* CircleGestureTests.xctest */,
			);
			name = Products;
			sourceTree = "<group>";
		};
		42ABDEC11A8DC27D004204FC /* CircleGesture */ = {
			isa = PBXGroup;
			children = (
				42ABDEC41A8DC27D004204FC /* AppDelegate.swift */,
				42ABDEC91A8DC27D004204FC /* ViewController.swift */,
				42ABDECB1A8DC27E004204FC /* Main.storyboard */,
				42ABDECE1A8DC27E004204FC /* Images.xcassets */,
				42ABDED01A8DC27E004204FC /* LaunchScreen.xib */,
				42ABDEC61A8DC27D004204FC /* CircleGesture.xcdatamodeld */,
				42ABDEC21A8DC27D004204FC /* Supporting Files */,
			);
			path = CircleGesture;
			sourceTree = "<group>";
		};
		42ABDEC21A8DC27D004204FC /* Supporting Files */ = {
			isa = PBXGroup;
			children = (
				42ABDEC31A8DC27D004204FC /* Info.plist */,
			);
			name = "Supporting Files";
			sourceTree = "<group>";
		};
		42ABDEDA1A8DC27E004204FC /* CircleGestureTests */ = {
			isa = PBXGroup;
			children = (
				42ABDEDD1A8DC27E004204FC /* CircleGestureTests.swift */,
				42ABDEDB1A8DC27E004204FC /* Supporting Files */,
			);
			path = CircleGestureTests;
			sourceTree = "<group>";
		};
		42ABDEDB1A8DC27E004204FC /* Supporting Files */ = {
			isa = PBXGroup;
			children = (
				42ABDEDC1A8DC27E004204FC /* Info.plist */,
			);
			name = "Supporting Files";
			sourceTree = "<group>";
		};
/* End PBXGroup section */

/* Begin PBXNativeTarget section */
		42ABDEBE1A8DC27D004204FC /* CircleGesture */ = {
			isa = PBXNativeTarget;
			buildConfigurationList = 42ABDEE11A8DC27E004204FC /* Build configuration list for PBXNativeTarget "CircleGesture" */;
			buildPhases = (
				42ABDEBB1A8DC27D004204FC /* Sources */,
				42ABDEBC1A8DC27D004204FC /* Frameworks */,
				42ABDEBD1A8DC27D004204FC /* Resources */,
			);
			buildRules = (
			);
			dependencies = (
			);
			name = CircleGesture;
			productName = CircleGesture;
			productReference = 42ABDEBF1A8DC27D004204FC /* CircleGesture.app */;
			productType = "com.apple.product-type.application";
		};
		42ABDED61A8DC27E004204FC /* CircleGestureTests */ = {
			isa = PBXNativeTarget;
			buildConfigurationList = 42ABDEE41A8DC27E004204FC /* Build configuration list for PBXNativeTarget "CircleGestureTests" */;
			buildPhases = (
				42ABDED31A8DC27E004204FC /* Sources */,
				42ABDED41A8DC27E004204FC /* Frameworks */,
				42ABDED51A8DC27E004204FC /* Resources */,
			);
			buildRules = (
			);
			dependencies = (
				42ABDED91A8DC27E004204FC /* PBXTargetDependency */,
			);
			name = CircleGestureTests;
			productName = CircleGestureTests;
			productReference = 42ABDED71A8DC27E004204FC /* CircleGestureTests.xctest */;
			productType = "com.apple.product-type.bundle.unit-test";
		};
/* End PBXNativeTarget section */

/* Begin PBXProject section */
		42ABDEB71A8DC27D004204FC /* Project object */ = {
			isa = PBXProject;
			attributes = {
				LastUpgradeCheck = 0610;
				ORGANIZATIONNAME = PanaCloud;
				TargetAttributes = {
					42ABDEBE1A8DC27D004204FC = {
						CreatedOnToolsVersion = 6.1.1;
					};
					42ABDED61A8DC27E004204FC = {
						CreatedOnToolsVersion = 6.1.1;
						TestTargetID = 42ABDEBE1A8DC27D004204FC;
					};
				};
			};
			buildConfigurationList = 42ABDEBA1A8DC27D004204FC /* Build configuration list for PBXProject "CircleGesture" */;
			compatibilityVersion = "Xcode 3.2";
			developmentRegion = English;
			hasScannedForEncodings = 0;
			knownRegions = (
				en,
				Base,
			);
			mainGroup = 42ABDEB61A8DC27D004204FC;
			productRefGroup = 42ABDEC01A8DC27D004204FC /* Products */;
			projectDirPath = "";
			projectRoot = "";
			targets = (
				42ABDEBE1A8DC27D004204FC /* CircleGesture */,
				42ABDED61A8DC27E004204FC /* CircleGestureTests */,
			);
		};
/* End PBXProject section */

/* Begin PBXResourcesBuildPhase section */
		42ABDEBD1A8DC27D004204FC /* Resources */ = {
			isa = PBXResourcesBuildPhase;
			buildActionMask = 2147483647;
			files = (
				42ABDECD1A8DC27E004204FC /* Main.storyboard in Resources */,
				42ABDED21A8DC27E004204FC /* LaunchScreen.xib in Resources */,
				42ABDECF1A8DC27E004204FC /* Images.xcassets in Resources */,
			);
			runOnlyForDeploymentPostprocessing = 0;
		};
		42ABDED51A8DC27E004204FC /* Resources */ = {
			isa = PBXResourcesBuildPhase;
			buildActionMask = 2147483647;
			files = (
			);
			runOnlyForDeploymentPostprocessing = 0;
		};
/* End PBXResourcesBuildPhase section */

/* Begin PBXSourcesBuildPhase section */
		42ABDEBB1A8DC27D004204FC /* Sources */ = {
			isa = PBXSourcesBuildPhase;
			buildActionMask = 2147483647;
			files = (
				42ABDECA1A8DC27D004204FC /* ViewController.swift in Sources */,
				42ABDEC51A8DC27D004204FC /* AppDelegate.swift in Sources */,
				42ABDEC81A8DC27D004204FC /* CircleGesture.xcdatamodeld in Sources */,
			);
			runOnlyForDeploymentPostprocessing = 0;
		};
		42ABDED31A8DC27E004204FC /* Sources */ = {
			isa = PBXSourcesBuildPhase;
			buildActionMask = 2147483647;
			files = (
				42ABDEDE1A8DC27E004204FC /* CircleGestureTests.swift in Sources */,
			);
			runOnlyForDeploymentPostprocessing = 0;
		};
/* End PBXSourcesBuildPhase section */

/* Begin PBXTargetDependency section */
		42ABDED91A8DC27E004204FC /* PBXTargetDependency */ = {
			isa = PBXTargetDependency;
			target = 42ABDEBE1A8DC27D004204FC /* CircleGesture */;
			targetProxy = 42ABDED81A8DC27E004204FC /* PBXContainerItemProxy */;
		};
/* End PBXTargetDependency section */

/* Begin PBXVariantGroup section */
		42ABDECB1A8DC27E004204FC /* Main.storyboard */ = {
			isa = PBXVariantGroup;
			children = (
				42ABDECC1A8DC27E004204FC /* Base */,
			);
			name = Main.storyboard;
			sourceTree = "<group>";
		};
		42ABDED01A8DC27E004204FC /* LaunchScreen.xib */ = {
			isa = PBXVariantGroup;
			children = (
				42ABDED11A8DC27E004204FC /* Base */,
			);
			name = LaunchScreen.xib;
			sourceTree = "<group>";
		};
/* End PBXVariantGroup section */

/* Begin XCBuildConfiguration section */
		42ABDEDF1A8DC27E004204FC /* Debug */ = {
			isa = XCBuildConfiguration;
			buildSettings = {
				ALWAYS_SEARCH_USER_PATHS = NO;
				CLANG_CXX_LANGUAGE_STANDARD = "gnu++0x";
				CLANG_CXX_LIBRARY = "libc++";
				CLANG_ENABLE_MODULES = YES;
				CLANG_ENABLE_OBJC_ARC = YES;
				CLANG_WARN_BOOL_CONVERSION = YES;
				CLANG_WARN_CONSTANT_CONVERSION = YES;
				CLANG_WARN_DIRECT_OBJC_ISA_USAGE = YES_ERROR;
				CLANG_WARN_EMPTY_BODY = YES;
				CLANG_WARN_ENUM_CONVERSION = YES;
				CLANG_WARN_INT_CONVERSION = YES;
				CLANG_WARN_OBJC_ROOT_CLASS = YES_ERROR;
				CLANG_WARN_UNREACHABLE_CODE = YES;
				CLANG_WARN__DUPLICATE_METHOD_MATCH = YES;
				"CODE_SIGN_IDENTITY[sdk=iphoneos*]" = "iPhone Developer";
				COPY_PHASE_STRIP = NO;
				ENABLE_STRICT_OBJC_MSGSEND = YES;
				GCC_C_LANGUAGE_STANDARD = gnu99;
				GCC_DYNAMIC_NO_PIC = NO;
				GCC_OPTIMIZATION_LEVEL = 0;
				GCC_PREPROCESSOR_DEFINITIONS = (
					"DEBUG=1",
					"$(inherited)",
				);
				GCC_SYMBOLS_PRIVATE_EXTERN = NO;
				GCC_WARN_64_TO_32_BIT_CONVERSION = YES;
				GCC_WARN_ABOUT_RETURN_TYPE = YES_ERROR;
				GCC_WARN_UNDECLARED_SELECTOR = YES;
				GCC_WARN_UNINITIALIZED_AUTOS = YES_AGGRESSIVE;
				GCC_WARN_UNUSED_FUNCTION = YES;
				GCC_WARN_UNUSED_VARIABLE = YES;
				IPHONEOS_DEPLOYMENT_TARGET = 8.1;
				MTL_ENABLE_DEBUG_INFO = YES;
				ONLY_ACTIVE_ARCH = YES;
				SDKROOT = iphoneos;
				SWIFT_OPTIMIZATION_LEVEL = "-Onone";
			};
			name = Debug;
		};
		42ABDEE01A8DC27E004204FC /* Release */ = {
			isa = XCBuildConfiguration;
			buildSettings = {
				ALWAYS_SEARCH_USER_PATHS = NO;
				CLANG_CXX_LANGUAGE_STANDARD = "gnu++0x";
				CLANG_CXX_LIBRARY = "libc++";
				CLANG_ENABLE_MODULES = YES;
				CLANG_ENABLE_OBJC_ARC = YES;
				CLANG_WARN_BOOL_CONVERSION = YES;
				CLANG_WARN_CONSTANT_CONVERSION = YES;
				CLANG_WARN_DIRECT_OBJC_ISA_USAGE = YES_ERROR;
				CLANG_WARN_EMPTY_BODY = YES;
				CLANG_WARN_ENUM_CONVERSION = YES;
				CLANG_WARN_INT_CONVERSION = YES;
				CLANG_WARN_OBJC_ROOT_CLASS = YES_ERROR;
				CLANG_WARN_UNREACHABLE_CODE = YES;
				CLANG_WARN__DUPLICATE_METHOD_MATCH = YES;
				"CODE_SIGN_IDENTITY[sdk=iphoneos*]" = "iPhone Developer";
				COPY_PHASE_STRIP = YES;
				ENABLE_NS_ASSERTIONS = NO;
				ENABLE_STRICT_OBJC_MSGSEND = YES;
				GCC_C_LANGUAGE_STANDARD = gnu99;
				GCC_WARN_64_TO_32_BIT_CONVERSION = YES;
				GCC_WARN_ABOUT_RETURN_TYPE = YES_ERROR;
				GCC_WARN_UNDECLARED_SELECTOR = YES;
				GCC_WARN_UNINITIALIZED_AUTOS = YES_AGGRESSIVE;
				GCC_WARN_UNUSED_FUNCTION = YES;
				GCC_WARN_UNUSED_VARIABLE = YES;
				IPHONEOS_DEPLOYMENT_TARGET = 8.1;
				MTL_ENABLE_DEBUG_INFO = NO;
				SDKROOT = iphoneos;
				VALIDATE_PRODUCT = YES;
			};
			name = Release;
		};
		42ABDEE21A8DC27E004204FC /* Debug */ = {
			isa = XCBuildConfiguration;
			buildSettings = {
				ASSETCATALOG_COMPILER_APPICON_NAME = AppIcon;
				INFOPLIST_FILE = CircleGesture/Info.plist;
				LD_RUNPATH_SEARCH_PATHS = "$(inherited) @executable_path/Frameworks";
				PRODUCT_NAME = "$(TARGET_NAME)";
			};
			name = Debug;
		};
		42ABDEE31A8DC27E004204FC /* Release */ = {
			isa = XCBuildConfiguration;
			buildSettings = {
				ASSETCATALOG_COMPILER_APPICON_NAME = AppIcon;
				INFOPLIST_FILE = CircleGesture/Info.plist;
				LD_RUNPATH_SEARCH_PATHS = "$(inherited) @executable_path/Frameworks";
				PRODUCT_NAME = "$(TARGET_NAME)";
			};
			name = Release;
		};
		42ABDEE51A8DC27E004204FC /* Debug */ = {
			isa = XCBuildConfiguration;
			buildSettings = {
				BUNDLE_LOADER = "$(TEST_HOST)";
				FRAMEWORK_SEARCH_PATHS = (
					"$(SDKROOT)/Developer/Library/Frameworks",
					"$(inherited)",
				);
				GCC_PREPROCESSOR_DEFINITIONS = (
					"DEBUG=1",
					"$(inherited)",
				);
				INFOPLIST_FILE = CircleGestureTests/Info.plist;
				LD_RUNPATH_SEARCH_PATHS = "$(inherited) @executable_path/Frameworks @loader_path/Frameworks";
				PRODUCT_NAME = "$(TARGET_NAME)";
				TEST_HOST = "$(BUILT_PRODUCTS_DIR)/CircleGesture.app/CircleGesture";
			};
			name = Debug;
		};
		42ABDEE61A8DC27E004204FC /* Release */ = {
			isa = XCBuildConfiguration;
			buildSettings = {
				BUNDLE_LOADER = "$(TEST_HOST)";
				FRAMEWORK_SEARCH_PATHS = (
					"$(SDKROOT)/Developer/Library/Frameworks",
					"$(inherited)",
				);
				INFOPLIST_FILE = CircleGestureTests/Info.plist;
				LD_RUNPATH_SEARCH_PATHS = "$(inherited) @executable_path/Frameworks @loader_path/Frameworks";
				PRODUCT_NAME = "$(TARGET_NAME)";
				TEST_HOST = "$(BUILT_PRODUCTS_DIR)/CircleGesture.app/CircleGesture";
			};
			name = Release;
		};
/* End XCBuildConfiguration section */

/* Begin XCConfigurationList section */
		42ABDEBA1A8DC27D004204FC /* Build configuration list for PBXProject "CircleGesture" */ = {
			isa = XCConfigurationList;
			buildConfigurations = (
				42ABDEDF1A8DC27E004204FC /* Debug */,
				42ABDEE01A8DC27E004204FC /* Release */,
			);
			defaultConfigurationIsVisible = 0;
			defaultConfigurationName = Release;
		};
		42ABDEE11A8DC27E004204FC /* Build configuration list for PBXNativeTarget "CircleGesture" */ = {
			isa = XCConfigurationList;
			buildConfigurations = (
				42ABDEE21A8DC27E004204FC /* Debug */,
				42ABDEE31A8DC27E004204FC /* Release */,
			);
			defaultConfigurationIsVisible = 0;
		};
		42ABDEE41A8DC27E004204FC /* Build configuration list for PBXNativeTarget "CircleGestureTests" */ = {
			isa = XCConfigurationList;
			buildConfigurations = (
				42ABDEE51A8DC27E004204FC /* Debug */,
				42ABDEE61A8DC27E004204FC /* Release */,
			);
			defaultConfigurationIsVisible = 0;
		};
/* End XCConfigurationList section */

/* Begin XCVersionGroup section */
		42ABDEC61A8DC27D004204FC /* CircleGesture.xcdatamodeld */ = {
			isa = XCVersionGroup;
			children = (
				42ABDEC71A8DC27D004204FC /* CircleGesture.xcdatamodel */,
			);
			currentVersion = 42ABDEC71A8DC27D004204FC /* CircleGesture.xcdatamodel */;
			path = CircleGesture.xcdatamodeld;
			sourceTree = "<group>";
			versionGroupType = wrapper.xcdatamodel;
		};
/* End XCVersionGroup section */
	};
	rootObject = 42ABDEB71A8DC27D004204FC /* Project object */;
}
